// !$*UTF8*$!
{
	archiveVersion = 1;
	classes = {
	};
	objectVersion = 50;
	objects = {

/* Begin PBXBuildFile section */
		74AB308D9CCA16BDB7FDCF89 /* Pods_IddogTests.framework in Frameworks */ = {isa = PBXBuildFile; fileRef = 06E49FC05AC835338B5C7686 /* Pods_IddogTests.framework */; };
		AF4F5D39233E3EEC00EFD91F /* AppDelegate.swift in Sources */ = {isa = PBXBuildFile; fileRef = AF4F5D38233E3EEC00EFD91F /* AppDelegate.swift */; };
		AF4F5D3B233E3EEC00EFD91F /* SceneDelegate.swift in Sources */ = {isa = PBXBuildFile; fileRef = AF4F5D3A233E3EEC00EFD91F /* SceneDelegate.swift */; };
		AF4F5D42233E3EED00EFD91F /* Assets.xcassets in Resources */ = {isa = PBXBuildFile; fileRef = AF4F5D41233E3EED00EFD91F /* Assets.xcassets */; };
		AF4F5D45233E3EED00EFD91F /* LaunchScreen.storyboard in Resources */ = {isa = PBXBuildFile; fileRef = AF4F5D43233E3EED00EFD91F /* LaunchScreen.storyboard */; };
		AF4F5D50233E3EEE00EFD91F /* IddogTests.swift in Sources */ = {isa = PBXBuildFile; fileRef = AF4F5D4F233E3EEE00EFD91F /* IddogTests.swift */; };
		AF4F5D5C233E531F00EFD91F /* Helper.swift in Sources */ = {isa = PBXBuildFile; fileRef = AF4F5D5B233E531F00EFD91F /* Helper.swift */; };
		AF4F5D61233E6FD500EFD91F /* Login.storyboard in Resources */ = {isa = PBXBuildFile; fileRef = AF4F5D60233E6FD400EFD91F /* Login.storyboard */; };
		AF4F5D63233E6FFF00EFD91F /* LoginController.swift in Sources */ = {isa = PBXBuildFile; fileRef = AF4F5D62233E6FFF00EFD91F /* LoginController.swift */; };
		AF4F5D6A233E717600EFD91F /* LoginProtocol.swift in Sources */ = {isa = PBXBuildFile; fileRef = AF4F5D69233E717600EFD91F /* LoginProtocol.swift */; };
		AF4F5D6C233E719B00EFD91F /* LoginRoute.swift in Sources */ = {isa = PBXBuildFile; fileRef = AF4F5D6B233E719B00EFD91F /* LoginRoute.swift */; };
		AF4F5D6E233E71C800EFD91F /* LoginPresenter.swift in Sources */ = {isa = PBXBuildFile; fileRef = AF4F5D6D233E71C800EFD91F /* LoginPresenter.swift */; };
		AF4F5D70233E72C300EFD91F /* LoginInteractor.swift in Sources */ = {isa = PBXBuildFile; fileRef = AF4F5D6F233E72C300EFD91F /* LoginInteractor.swift */; };
		AF4F5D72233E780100EFD91F /* StoryboardInstanciate.swift in Sources */ = {isa = PBXBuildFile; fileRef = AF4F5D71233E780100EFD91F /* StoryboardInstanciate.swift */; };
		AFF40DA9233E960200D138BB /* RouterManager.swift in Sources */ = {isa = PBXBuildFile; fileRef = AFF40DA8233E960200D138BB /* RouterManager.swift */; };
		AFF40DAB233E9F5600D138BB /* UserModel.swift in Sources */ = {isa = PBXBuildFile; fileRef = AFF40DAA233E9F5600D138BB /* UserModel.swift */; };
		AFF40DAD233EB44300D138BB /* LoginUserModel.swift in Sources */ = {isa = PBXBuildFile; fileRef = AFF40DAC233EB44300D138BB /* LoginUserModel.swift */; };
		AFF40DAF2342338600D138BB /* ListDogController.swift in Sources */ = {isa = PBXBuildFile; fileRef = AFF40DAE2342338600D138BB /* ListDogController.swift */; };
		AFF40DB12342362C00D138BB /* ListDogRoute.swift in Sources */ = {isa = PBXBuildFile; fileRef = AFF40DB02342362C00D138BB /* ListDogRoute.swift */; };
		AFF40DB323423ABF00D138BB /* ListDogPresenter.swift in Sources */ = {isa = PBXBuildFile; fileRef = AFF40DB223423ABF00D138BB /* ListDogPresenter.swift */; };
		AFF40DB523423ADA00D138BB /* ListDogProtocol.swift in Sources */ = {isa = PBXBuildFile; fileRef = AFF40DB423423ADA00D138BB /* ListDogProtocol.swift */; };
		AFF40DBE2342A9CF00D138BB /* ItemPresenter.swift in Sources */ = {isa = PBXBuildFile; fileRef = AFF40DBD2342A9CF00D138BB /* ItemPresenter.swift */; };
		AFF40DC02342A9F300D138BB /* ItemProtocol.swift in Sources */ = {isa = PBXBuildFile; fileRef = AFF40DBF2342A9F300D138BB /* ItemProtocol.swift */; };
		AFF40DC22342AB7900D138BB /* ItemRoute.swift in Sources */ = {isa = PBXBuildFile; fileRef = AFF40DC12342AB7900D138BB /* ItemRoute.swift */; };
		AFF40DC42342AD2100D138BB /* ItemInteractor.swift in Sources */ = {isa = PBXBuildFile; fileRef = AFF40DC32342AD2100D138BB /* ItemInteractor.swift */; };
		AFF40DC62342AF1A00D138BB /* ItemsModel.swift in Sources */ = {isa = PBXBuildFile; fileRef = AFF40DC52342AF1A00D138BB /* ItemsModel.swift */; };
		AFF40DCB2342BE4300D138BB /* ItemCell.swift in Sources */ = {isa = PBXBuildFile; fileRef = AFF40DC92342BE4300D138BB /* ItemCell.swift */; };
		AFF40DCC2342BE4300D138BB /* ItemCell.xib in Resources */ = {isa = PBXBuildFile; fileRef = AFF40DCA2342BE4300D138BB /* ItemCell.xib */; };
		AFF40DD42343848F00D138BB /* MenuBar.swift in Sources */ = {isa = PBXBuildFile; fileRef = AFF40DD32343848F00D138BB /* MenuBar.swift */; };
		AFF40DD62344C41600D138BB /* ItemPresenterBuilder.swift in Sources */ = {isa = PBXBuildFile; fileRef = AFF40DD52344C41600D138BB /* ItemPresenterBuilder.swift */; };
		AFF40DD92344C75000D138BB /* UserInteractor.swift in Sources */ = {isa = PBXBuildFile; fileRef = AFF40DD82344C75000D138BB /* UserInteractor.swift */; };
		AFF40DDB2344C80200D138BB /* UserManager.swift in Sources */ = {isa = PBXBuildFile; fileRef = AFF40DDA2344C80200D138BB /* UserManager.swift */; };
		AFF40DDD2344E05200D138BB /* CollectionCell.swift in Sources */ = {isa = PBXBuildFile; fileRef = AFF40DDC2344E05100D138BB /* CollectionCell.swift */; };
		AFF40DDF2344E08B00D138BB /* MenuCell.swift in Sources */ = {isa = PBXBuildFile; fileRef = AFF40DDE2344E08B00D138BB /* MenuCell.swift */; };
		AFF40DE12344E22100D138BB /* DogCell.swift in Sources */ = {isa = PBXBuildFile; fileRef = AFF40DE02344E22100D138BB /* DogCell.swift */; };
		AFF40DF0234505C300D138BB /* LoginTest.swift in Sources */ = {isa = PBXBuildFile; fileRef = AFF40DEF234505C300D138BB /* LoginTest.swift */; };
		E012FCA5EE28D31EF7345D80 /* Pods_Iddog.framework in Frameworks */ = {isa = PBXBuildFile; fileRef = 7DD468CB518DA58FF05C3D63 /* Pods_Iddog.framework */; };
/* End PBXBuildFile section */

/* Begin PBXContainerItemProxy section */
		AF4F5D4C233E3EEE00EFD91F /* PBXContainerItemProxy */ = {
			isa = PBXContainerItemProxy;
			containerPortal = AF4F5D2D233E3EEC00EFD91F /* Project object */;
			proxyType = 1;
			remoteGlobalIDString = AF4F5D34233E3EEC00EFD91F;
			remoteInfo = Iddog;
		};
/* End PBXContainerItemProxy section */

/* Begin PBXFileReference section */
		06E49FC05AC835338B5C7686 /* Pods_IddogTests.framework */ = {isa = PBXFileReference; explicitFileType = wrapper.framework; includeInIndex = 0; path = Pods_IddogTests.framework; sourceTree = BUILT_PRODUCTS_DIR; };
		1DA9EDF812176C6E1B4816BC /* Pods-IddogTests.debug.xcconfig */ = {isa = PBXFileReference; includeInIndex = 1; lastKnownFileType = text.xcconfig; name = "Pods-IddogTests.debug.xcconfig"; path = "Target Support Files/Pods-IddogTests/Pods-IddogTests.debug.xcconfig"; sourceTree = "<group>"; };
		49D2F52037C1A9BC8A911432 /* Pods-IddogTests.release.xcconfig */ = {isa = PBXFileReference; includeInIndex = 1; lastKnownFileType = text.xcconfig; name = "Pods-IddogTests.release.xcconfig"; path = "Target Support Files/Pods-IddogTests/Pods-IddogTests.release.xcconfig"; sourceTree = "<group>"; };
		78B06F10BCC0920A97B42586 /* Pods-Iddog.release.xcconfig */ = {isa = PBXFileReference; includeInIndex = 1; lastKnownFileType = text.xcconfig; name = "Pods-Iddog.release.xcconfig"; path = "Target Support Files/Pods-Iddog/Pods-Iddog.release.xcconfig"; sourceTree = "<group>"; };
		796A19BADED7CD697E786763 /* Pods-Iddog.debug.xcconfig */ = {isa = PBXFileReference; includeInIndex = 1; lastKnownFileType = text.xcconfig; name = "Pods-Iddog.debug.xcconfig"; path = "Target Support Files/Pods-Iddog/Pods-Iddog.debug.xcconfig"; sourceTree = "<group>"; };
		7DD468CB518DA58FF05C3D63 /* Pods_Iddog.framework */ = {isa = PBXFileReference; explicitFileType = wrapper.framework; includeInIndex = 0; path = Pods_Iddog.framework; sourceTree = BUILT_PRODUCTS_DIR; };
		AF4F5D35233E3EEC00EFD91F /* Iddog.app */ = {isa = PBXFileReference; explicitFileType = wrapper.application; includeInIndex = 0; path = Iddog.app; sourceTree = BUILT_PRODUCTS_DIR; };
		AF4F5D38233E3EEC00EFD91F /* AppDelegate.swift */ = {isa = PBXFileReference; lastKnownFileType = sourcecode.swift; path = AppDelegate.swift; sourceTree = "<group>"; };
		AF4F5D3A233E3EEC00EFD91F /* SceneDelegate.swift */ = {isa = PBXFileReference; lastKnownFileType = sourcecode.swift; path = SceneDelegate.swift; sourceTree = "<group>"; };
		AF4F5D41233E3EED00EFD91F /* Assets.xcassets */ = {isa = PBXFileReference; lastKnownFileType = folder.assetcatalog; path = Assets.xcassets; sourceTree = "<group>"; };
		AF4F5D44233E3EED00EFD91F /* Base */ = {isa = PBXFileReference; lastKnownFileType = file.storyboard; name = Base; path = Base.lproj/LaunchScreen.storyboard; sourceTree = "<group>"; };
		AF4F5D46233E3EED00EFD91F /* Info.plist */ = {isa = PBXFileReference; lastKnownFileType = text.plist.xml; path = Info.plist; sourceTree = "<group>"; };
		AF4F5D4B233E3EEE00EFD91F /* IddogTests.xctest */ = {isa = PBXFileReference; explicitFileType = wrapper.cfbundle; includeInIndex = 0; path = IddogTests.xctest; sourceTree = BUILT_PRODUCTS_DIR; };
		AF4F5D4F233E3EEE00EFD91F /* IddogTests.swift */ = {isa = PBXFileReference; lastKnownFileType = sourcecode.swift; path = IddogTests.swift; sourceTree = "<group>"; };
		AF4F5D51233E3EEE00EFD91F /* Info.plist */ = {isa = PBXFileReference; lastKnownFileType = text.plist.xml; path = Info.plist; sourceTree = "<group>"; };
		AF4F5D5B233E531F00EFD91F /* Helper.swift */ = {isa = PBXFileReference; lastKnownFileType = sourcecode.swift; path = Helper.swift; sourceTree = "<group>"; };
		AF4F5D60233E6FD400EFD91F /* Login.storyboard */ = {isa = PBXFileReference; lastKnownFileType = file.storyboard; path = Login.storyboard; sourceTree = "<group>"; };
		AF4F5D62233E6FFF00EFD91F /* LoginController.swift */ = {isa = PBXFileReference; lastKnownFileType = sourcecode.swift; path = LoginController.swift; sourceTree = "<group>"; };
		AF4F5D69233E717600EFD91F /* LoginProtocol.swift */ = {isa = PBXFileReference; lastKnownFileType = sourcecode.swift; path = LoginProtocol.swift; sourceTree = "<group>"; };
		AF4F5D6B233E719B00EFD91F /* LoginRoute.swift */ = {isa = PBXFileReference; lastKnownFileType = sourcecode.swift; path = LoginRoute.swift; sourceTree = "<group>"; };
		AF4F5D6D233E71C800EFD91F /* LoginPresenter.swift */ = {isa = PBXFileReference; lastKnownFileType = sourcecode.swift; path = LoginPresenter.swift; sourceTree = "<group>"; };
		AF4F5D6F233E72C300EFD91F /* LoginInteractor.swift */ = {isa = PBXFileReference; lastKnownFileType = sourcecode.swift; path = LoginInteractor.swift; sourceTree = "<group>"; };
		AF4F5D71233E780100EFD91F /* StoryboardInstanciate.swift */ = {isa = PBXFileReference; lastKnownFileType = sourcecode.swift; path = StoryboardInstanciate.swift; sourceTree = "<group>"; };
		AFF40DA8233E960200D138BB /* RouterManager.swift */ = {isa = PBXFileReference; lastKnownFileType = sourcecode.swift; path = RouterManager.swift; sourceTree = "<group>"; };
		AFF40DAA233E9F5600D138BB /* UserModel.swift */ = {isa = PBXFileReference; lastKnownFileType = sourcecode.swift; path = UserModel.swift; sourceTree = "<group>"; };
		AFF40DAC233EB44300D138BB /* LoginUserModel.swift */ = {isa = PBXFileReference; lastKnownFileType = sourcecode.swift; path = LoginUserModel.swift; sourceTree = "<group>"; };
		AFF40DAE2342338600D138BB /* ListDogController.swift */ = {isa = PBXFileReference; lastKnownFileType = sourcecode.swift; path = ListDogController.swift; sourceTree = "<group>"; };
		AFF40DB02342362C00D138BB /* ListDogRoute.swift */ = {isa = PBXFileReference; lastKnownFileType = sourcecode.swift; path = ListDogRoute.swift; sourceTree = "<group>"; };
		AFF40DB223423ABF00D138BB /* ListDogPresenter.swift */ = {isa = PBXFileReference; lastKnownFileType = sourcecode.swift; path = ListDogPresenter.swift; sourceTree = "<group>"; };
		AFF40DB423423ADA00D138BB /* ListDogProtocol.swift */ = {isa = PBXFileReference; lastKnownFileType = sourcecode.swift; path = ListDogProtocol.swift; sourceTree = "<group>"; };
		AFF40DBD2342A9CF00D138BB /* ItemPresenter.swift */ = {isa = PBXFileReference; lastKnownFileType = sourcecode.swift; path = ItemPresenter.swift; sourceTree = "<group>"; };
		AFF40DBF2342A9F300D138BB /* ItemProtocol.swift */ = {isa = PBXFileReference; lastKnownFileType = sourcecode.swift; path = ItemProtocol.swift; sourceTree = "<group>"; };
		AFF40DC12342AB7900D138BB /* ItemRoute.swift */ = {isa = PBXFileReference; lastKnownFileType = sourcecode.swift; path = ItemRoute.swift; sourceTree = "<group>"; };
		AFF40DC32342AD2100D138BB /* ItemInteractor.swift */ = {isa = PBXFileReference; lastKnownFileType = sourcecode.swift; path = ItemInteractor.swift; sourceTree = "<group>"; };
		AFF40DC52342AF1A00D138BB /* ItemsModel.swift */ = {isa = PBXFileReference; lastKnownFileType = sourcecode.swift; path = ItemsModel.swift; sourceTree = "<group>"; };
		AFF40DC92342BE4300D138BB /* ItemCell.swift */ = {isa = PBXFileReference; lastKnownFileType = sourcecode.swift; path = ItemCell.swift; sourceTree = "<group>"; };
		AFF40DCA2342BE4300D138BB /* ItemCell.xib */ = {isa = PBXFileReference; lastKnownFileType = file.xib; path = ItemCell.xib; sourceTree = "<group>"; };
		AFF40DD32343848F00D138BB /* MenuBar.swift */ = {isa = PBXFileReference; lastKnownFileType = sourcecode.swift; path = MenuBar.swift; sourceTree = "<group>"; };
		AFF40DD52344C41600D138BB /* ItemPresenterBuilder.swift */ = {isa = PBXFileReference; lastKnownFileType = sourcecode.swift; path = ItemPresenterBuilder.swift; sourceTree = "<group>"; };
		AFF40DD82344C75000D138BB /* UserInteractor.swift */ = {isa = PBXFileReference; lastKnownFileType = sourcecode.swift; path = UserInteractor.swift; sourceTree = "<group>"; };
		AFF40DDA2344C80200D138BB /* UserManager.swift */ = {isa = PBXFileReference; lastKnownFileType = sourcecode.swift; path = UserManager.swift; sourceTree = "<group>"; };
		AFF40DDC2344E05100D138BB /* CollectionCell.swift */ = {isa = PBXFileReference; lastKnownFileType = sourcecode.swift; path = CollectionCell.swift; sourceTree = "<group>"; };
		AFF40DDE2344E08B00D138BB /* MenuCell.swift */ = {isa = PBXFileReference; lastKnownFileType = sourcecode.swift; path = MenuCell.swift; sourceTree = "<group>"; };
		AFF40DE02344E22100D138BB /* DogCell.swift */ = {isa = PBXFileReference; lastKnownFileType = sourcecode.swift; path = DogCell.swift; sourceTree = "<group>"; };
		AFF40DEF234505C300D138BB /* LoginTest.swift */ = {isa = PBXFileReference; lastKnownFileType = sourcecode.swift; path = LoginTest.swift; sourceTree = "<group>"; };
/* End PBXFileReference section */

/* Begin PBXFrameworksBuildPhase section */
		AF4F5D32233E3EEC00EFD91F /* Frameworks */ = {
			isa = PBXFrameworksBuildPhase;
			buildActionMask = 2147483647;
			files = (
				E012FCA5EE28D31EF7345D80 /* Pods_Iddog.framework in Frameworks */,
			);
			runOnlyForDeploymentPostprocessing = 0;
		};
		AF4F5D48233E3EEE00EFD91F /* Frameworks */ = {
			isa = PBXFrameworksBuildPhase;
			buildActionMask = 2147483647;
			files = (
				74AB308D9CCA16BDB7FDCF89 /* Pods_IddogTests.framework in Frameworks */,
			);
			runOnlyForDeploymentPostprocessing = 0;
		};
/* End PBXFrameworksBuildPhase section */

/* Begin PBXGroup section */
		2B75BEA4E0FEEE20A103EBA9 /* Pods */ = {
			isa = PBXGroup;
			children = (
				796A19BADED7CD697E786763 /* Pods-Iddog.debug.xcconfig */,
				78B06F10BCC0920A97B42586 /* Pods-Iddog.release.xcconfig */,
				1DA9EDF812176C6E1B4816BC /* Pods-IddogTests.debug.xcconfig */,
				49D2F52037C1A9BC8A911432 /* Pods-IddogTests.release.xcconfig */,
			);
			path = Pods;
			sourceTree = "<group>";
		};
		A3BF9BC6EBEEFA218F61BB05 /* Frameworks */ = {
			isa = PBXGroup;
			children = (
				7DD468CB518DA58FF05C3D63 /* Pods_Iddog.framework */,
				06E49FC05AC835338B5C7686 /* Pods_IddogTests.framework */,
			);
			name = Frameworks;
			sourceTree = "<group>";
		};
		AF4F5D2C233E3EEC00EFD91F = {
			isa = PBXGroup;
			children = (
				AF4F5D37233E3EEC00EFD91F /* Iddog */,
				AF4F5D4E233E3EEE00EFD91F /* IddogTests */,
				AF4F5D36233E3EEC00EFD91F /* Products */,
				2B75BEA4E0FEEE20A103EBA9 /* Pods */,
				A3BF9BC6EBEEFA218F61BB05 /* Frameworks */,
			);
			sourceTree = "<group>";
		};
		AF4F5D36233E3EEC00EFD91F /* Products */ = {
			isa = PBXGroup;
			children = (
				AF4F5D35233E3EEC00EFD91F /* Iddog.app */,
				AF4F5D4B233E3EEE00EFD91F /* IddogTests.xctest */,
			);
			name = Products;
			sourceTree = "<group>";
		};
		AF4F5D37233E3EEC00EFD91F /* Iddog */ = {
			isa = PBXGroup;
			children = (
				AF4F5D5D233E6F7B00EFD91F /* Module */,
				AF4F5D5A233E530900EFD91F /* Helper */,
				AF4F5D38233E3EEC00EFD91F /* AppDelegate.swift */,
				AF4F5D3A233E3EEC00EFD91F /* SceneDelegate.swift */,
				AF4F5D41233E3EED00EFD91F /* Assets.xcassets */,
				AF4F5D43233E3EED00EFD91F /* LaunchScreen.storyboard */,
				AF4F5D46233E3EED00EFD91F /* Info.plist */,
			);
			path = Iddog;
			sourceTree = "<group>";
		};
		AF4F5D4E233E3EEE00EFD91F /* IddogTests */ = {
			isa = PBXGroup;
			children = (
				AF4F5D4F233E3EEE00EFD91F /* IddogTests.swift */,
				AF4F5D51233E3EEE00EFD91F /* Info.plist */,
				AFF40DEF234505C300D138BB /* LoginTest.swift */,
			);
			path = IddogTests;
			sourceTree = "<group>";
		};
		AF4F5D5A233E530900EFD91F /* Helper */ = {
			isa = PBXGroup;
			children = (
				AF4F5D5B233E531F00EFD91F /* Helper.swift */,
				AF4F5D71233E780100EFD91F /* StoryboardInstanciate.swift */,
			);
			path = Helper;
			sourceTree = "<group>";
		};
		AF4F5D5D233E6F7B00EFD91F /* Module */ = {
			isa = PBXGroup;
			children = (
				AFF40DBC2342A9B000D138BB /* Item */,
				AFF40DA6233E94AE00D138BB /* Commom */,
				AF4F5D5F233E6F9B00EFD91F /* ListDog */,
				AF4F5D5E233E6F8D00EFD91F /* Login */,
			);
			path = Module;
			sourceTree = "<group>";
		};
		AF4F5D5E233E6F8D00EFD91F /* Login */ = {
			isa = PBXGroup;
			children = (
				AFF40DE72344E39600D138BB /* Application Logic */,
				AFF40DE82344E3BE00D138BB /* User Interface */,
			);
			path = Login;
			sourceTree = "<group>";
		};
		AF4F5D5F233E6F9B00EFD91F /* ListDog */ = {
			isa = PBXGroup;
			children = (
				AFF40DEB2344E41C00D138BB /* User Interface */,
				AFF40DE92344E3EC00D138BB /* Application Logic */,
			);
			path = ListDog;
			sourceTree = "<group>";
		};
		AF4F5D64233E710D00EFD91F /* View */ = {
			isa = PBXGroup;
			children = (
				AF4F5D60233E6FD400EFD91F /* Login.storyboard */,
				AF4F5D62233E6FFF00EFD91F /* LoginController.swift */,
			);
			path = View;
			sourceTree = "<group>";
		};
		AF4F5D65233E712800EFD91F /* Protocol */ = {
			isa = PBXGroup;
			children = (
				AF4F5D69233E717600EFD91F /* LoginProtocol.swift */,
			);
			path = Protocol;
			sourceTree = "<group>";
		};
		AF4F5D66233E713300EFD91F /* Route */ = {
			isa = PBXGroup;
			children = (
				AF4F5D6B233E719B00EFD91F /* LoginRoute.swift */,
			);
			path = Route;
			sourceTree = "<group>";
		};
		AF4F5D67233E715000EFD91F /* Presenter */ = {
			isa = PBXGroup;
			children = (
				AF4F5D6D233E71C800EFD91F /* LoginPresenter.swift */,
			);
			path = Presenter;
			sourceTree = "<group>";
		};
		AF4F5D68233E715700EFD91F /* Intercator */ = {
			isa = PBXGroup;
			children = (
				AF4F5D6F233E72C300EFD91F /* LoginInteractor.swift */,
			);
			path = Intercator;
			sourceTree = "<group>";
		};
		AFF40DA6233E94AE00D138BB /* Commom */ = {
			isa = PBXGroup;
			children = (
				AFF40DD72344C73500D138BB /* Interactor */,
				AFF40DD02342C83200D138BB /* View */,
				AFF40DA7233E94C200D138BB /* Manager */,
			);
			path = Commom;
			sourceTree = "<group>";
		};
		AFF40DA7233E94C200D138BB /* Manager */ = {
			isa = PBXGroup;
			children = (
				AFF40DA8233E960200D138BB /* RouterManager.swift */,
				AFF40DAA233E9F5600D138BB /* UserModel.swift */,
				AFF40DAC233EB44300D138BB /* LoginUserModel.swift */,
				AFF40DC52342AF1A00D138BB /* ItemsModel.swift */,
				AFF40DDA2344C80200D138BB /* UserManager.swift */,
			);
			path = Manager;
			sourceTree = "<group>";
		};
		AFF40DBC2342A9B000D138BB /* Item */ = {
			isa = PBXGroup;
			children = (
				AFF40DE62344E32A00D138BB /* Route */,
				AFF40DE52344E30F00D138BB /* Interactor */,
				AFF40DE42344E2EE00D138BB /* Presenter */,
				AFF40DE32344E2DB00D138BB /* View */,
				AFF40DE22344E2CE00D138BB /* Protocol */,
			);
			path = Item;
			sourceTree = "<group>";
		};
		AFF40DD02342C83200D138BB /* View */ = {
			isa = PBXGroup;
			children = (
				AFF40DD32343848F00D138BB /* MenuBar.swift */,
				AFF40DDC2344E05100D138BB /* CollectionCell.swift */,
				AFF40DDE2344E08B00D138BB /* MenuCell.swift */,
				AFF40DE02344E22100D138BB /* DogCell.swift */,
			);
			path = View;
			sourceTree = "<group>";
		};
		AFF40DD72344C73500D138BB /* Interactor */ = {
			isa = PBXGroup;
			children = (
				AFF40DD82344C75000D138BB /* UserInteractor.swift */,
			);
			path = Interactor;
			sourceTree = "<group>";
		};
		AFF40DE22344E2CE00D138BB /* Protocol */ = {
			isa = PBXGroup;
			children = (
				AFF40DBF2342A9F300D138BB /* ItemProtocol.swift */,
				AFF40DD52344C41600D138BB /* ItemPresenterBuilder.swift */,
			);
			path = Protocol;
			sourceTree = "<group>";
		};
		AFF40DE32344E2DB00D138BB /* View */ = {
			isa = PBXGroup;
			children = (
				AFF40DC92342BE4300D138BB /* ItemCell.swift */,
				AFF40DCA2342BE4300D138BB /* ItemCell.xib */,
			);
			path = View;
			sourceTree = "<group>";
		};
		AFF40DE42344E2EE00D138BB /* Presenter */ = {
			isa = PBXGroup;
			children = (
				AFF40DBD2342A9CF00D138BB /* ItemPresenter.swift */,
			);
			path = Presenter;
			sourceTree = "<group>";
		};
		AFF40DE52344E30F00D138BB /* Interactor */ = {
			isa = PBXGroup;
			children = (
				AFF40DC32342AD2100D138BB /* ItemInteractor.swift */,
			);
			path = Interactor;
			sourceTree = "<group>";
		};
		AFF40DE62344E32A00D138BB /* Route */ = {
			isa = PBXGroup;
			children = (
				AFF40DC12342AB7900D138BB /* ItemRoute.swift */,
			);
			path = Route;
			sourceTree = "<group>";
		};
		AFF40DE72344E39600D138BB /* Application Logic */ = {
			isa = PBXGroup;
			children = (
				AF4F5D65233E712800EFD91F /* Protocol */,
				AF4F5D68233E715700EFD91F /* Intercator */,
			);
			path = "Application Logic";
			sourceTree = "<group>";
		};
		AFF40DE82344E3BE00D138BB /* User Interface */ = {
			isa = PBXGroup;
			children = (
				AF4F5D67233E715000EFD91F /* Presenter */,
				AF4F5D66233E713300EFD91F /* Route */,
				AF4F5D64233E710D00EFD91F /* View */,
			);
			path = "User Interface";
			sourceTree = "<group>";
		};
		AFF40DE92344E3EC00D138BB /* Application Logic */ = {
			isa = PBXGroup;
			children = (
				AFF40DEA2344E3FB00D138BB /* Protocol */,
			);
			path = "Application Logic";
			sourceTree = "<group>";
		};
		AFF40DEA2344E3FB00D138BB /* Protocol */ = {
			isa = PBXGroup;
			children = (
				AFF40DB423423ADA00D138BB /* ListDogProtocol.swift */,
			);
			path = Protocol;
			sourceTree = "<group>";
		};
		AFF40DEB2344E41C00D138BB /* User Interface */ = {
			isa = PBXGroup;
			children = (
				AFF40DEE2344E43B00D138BB /* Route */,
				AFF40DED2344E42E00D138BB /* Presenter */,
				AFF40DEC2344E42100D138BB /* View */,
			);
			path = "User Interface";
			sourceTree = "<group>";
		};
		AFF40DEC2344E42100D138BB /* View */ = {
			isa = PBXGroup;
			children = (
				AFF40DAE2342338600D138BB /* ListDogController.swift */,
			);
			path = View;
			sourceTree = "<group>";
		};
		AFF40DED2344E42E00D138BB /* Presenter */ = {
			isa = PBXGroup;
			children = (
				AFF40DB223423ABF00D138BB /* ListDogPresenter.swift */,
			);
			path = Presenter;
			sourceTree = "<group>";
		};
		AFF40DEE2344E43B00D138BB /* Route */ = {
			isa = PBXGroup;
			children = (
				AFF40DB02342362C00D138BB /* ListDogRoute.swift */,
			);
			path = Route;
			sourceTree = "<group>";
		};
/* End PBXGroup section */

/* Begin PBXNativeTarget section */
		AF4F5D34233E3EEC00EFD91F /* Iddog */ = {
			isa = PBXNativeTarget;
			buildConfigurationList = AF4F5D54233E3EEE00EFD91F /* Build configuration list for PBXNativeTarget "Iddog" */;
			buildPhases = (
				B0DAB9F14370E5478518F233 /* [CP] Check Pods Manifest.lock */,
				AF4F5D31233E3EEC00EFD91F /* Sources */,
				AF4F5D32233E3EEC00EFD91F /* Frameworks */,
				AF4F5D33233E3EEC00EFD91F /* Resources */,
				99AE22B81DCCAEAED36C508C /* [CP] Embed Pods Frameworks */,
			);
			buildRules = (
			);
			dependencies = (
			);
			name = Iddog;
			productName = Iddog;
			productReference = AF4F5D35233E3EEC00EFD91F /* Iddog.app */;
			productType = "com.apple.product-type.application";
		};
		AF4F5D4A233E3EEE00EFD91F /* IddogTests */ = {
			isa = PBXNativeTarget;
			buildConfigurationList = AF4F5D57233E3EEE00EFD91F /* Build configuration list for PBXNativeTarget "IddogTests" */;
			buildPhases = (
				63064EA8B5DB898F71ACE7A5 /* [CP] Check Pods Manifest.lock */,
				AF4F5D47233E3EEE00EFD91F /* Sources */,
				AF4F5D48233E3EEE00EFD91F /* Frameworks */,
				AF4F5D49233E3EEE00EFD91F /* Resources */,
				9658FBCAD5A77E10EB7EB5F3 /* [CP] Embed Pods Frameworks */,
			);
			buildRules = (
			);
			dependencies = (
				AF4F5D4D233E3EEE00EFD91F /* PBXTargetDependency */,
			);
			name = IddogTests;
			productName = IddogTests;
			productReference = AF4F5D4B233E3EEE00EFD91F /* IddogTests.xctest */;
			productType = "com.apple.product-type.bundle.unit-test";
		};
/* End PBXNativeTarget section */

/* Begin PBXProject section */
		AF4F5D2D233E3EEC00EFD91F /* Project object */ = {
			isa = PBXProject;
			attributes = {
				LastSwiftUpdateCheck = 1100;
				LastUpgradeCheck = 1100;
				ORGANIZATIONNAME = "Thiago Santos";
				TargetAttributes = {
					AF4F5D34233E3EEC00EFD91F = {
						CreatedOnToolsVersion = 11.0;
					};
					AF4F5D4A233E3EEE00EFD91F = {
						CreatedOnToolsVersion = 11.0;
						TestTargetID = AF4F5D34233E3EEC00EFD91F;
					};
				};
			};
			buildConfigurationList = AF4F5D30233E3EEC00EFD91F /* Build configuration list for PBXProject "Iddog" */;
			compatibilityVersion = "Xcode 9.3";
			developmentRegion = en;
			hasScannedForEncodings = 0;
			knownRegions = (
				en,
				Base,
			);
			mainGroup = AF4F5D2C233E3EEC00EFD91F;
			productRefGroup = AF4F5D36233E3EEC00EFD91F /* Products */;
			projectDirPath = "";
			projectRoot = "";
			targets = (
				AF4F5D34233E3EEC00EFD91F /* Iddog */,
				AF4F5D4A233E3EEE00EFD91F /* IddogTests */,
			);
		};
/* End PBXProject section */

/* Begin PBXResourcesBuildPhase section */
		AF4F5D33233E3EEC00EFD91F /* Resources */ = {
			isa = PBXResourcesBuildPhase;
			buildActionMask = 2147483647;
			files = (
				AF4F5D61233E6FD500EFD91F /* Login.storyboard in Resources */,
				AF4F5D45233E3EED00EFD91F /* LaunchScreen.storyboard in Resources */,
				AFF40DCC2342BE4300D138BB /* ItemCell.xib in Resources */,
				AF4F5D42233E3EED00EFD91F /* Assets.xcassets in Resources */,
			);
			runOnlyForDeploymentPostprocessing = 0;
		};
		AF4F5D49233E3EEE00EFD91F /* Resources */ = {
			isa = PBXResourcesBuildPhase;
			buildActionMask = 2147483647;
			files = (
			);
			runOnlyForDeploymentPostprocessing = 0;
		};
/* End PBXResourcesBuildPhase section */

/* Begin PBXShellScriptBuildPhase section */
		63064EA8B5DB898F71ACE7A5 /* [CP] Check Pods Manifest.lock */ = {
			isa = PBXShellScriptBuildPhase;
			buildActionMask = 2147483647;
			files = (
			);
			inputFileListPaths = (
			);
			inputPaths = (
				"${PODS_PODFILE_DIR_PATH}/Podfile.lock",
				"${PODS_ROOT}/Manifest.lock",
			);
			name = "[CP] Check Pods Manifest.lock";
			outputFileListPaths = (
			);
			outputPaths = (
				"$(DERIVED_FILE_DIR)/Pods-IddogTests-checkManifestLockResult.txt",
			);
			runOnlyForDeploymentPostprocessing = 0;
			shellPath = /bin/sh;
			shellScript = "diff \"${PODS_PODFILE_DIR_PATH}/Podfile.lock\" \"${PODS_ROOT}/Manifest.lock\" > /dev/null\nif [ $? != 0 ] ; then\n    # print error to STDERR\n    echo \"error: The sandbox is not in sync with the Podfile.lock. Run 'pod install' or update your CocoaPods installation.\" >&2\n    exit 1\nfi\n# This output is used by Xcode 'outputs' to avoid re-running this script phase.\necho \"SUCCESS\" > \"${SCRIPT_OUTPUT_FILE_0}\"\n";
			showEnvVarsInLog = 0;
		};
		9658FBCAD5A77E10EB7EB5F3 /* [CP] Embed Pods Frameworks */ = {
			isa = PBXShellScriptBuildPhase;
			buildActionMask = 2147483647;
			files = (
			);
			inputFileListPaths = (
			);
			inputPaths = (
				"${PODS_ROOT}/Target Support Files/Pods-IddogTests/Pods-IddogTests-frameworks.sh",
				"${BUILT_PRODUCTS_DIR}/Nimble/Nimble.framework",
				"${BUILT_PRODUCTS_DIR}/Quick/Quick.framework",
			);
			name = "[CP] Embed Pods Frameworks";
			outputFileListPaths = (
			);
			outputPaths = (
				"${TARGET_BUILD_DIR}/${FRAMEWORKS_FOLDER_PATH}/Nimble.framework",
				"${TARGET_BUILD_DIR}/${FRAMEWORKS_FOLDER_PATH}/Quick.framework",
			);
			runOnlyForDeploymentPostprocessing = 0;
			shellPath = /bin/sh;
			shellScript = "\"${PODS_ROOT}/Target Support Files/Pods-IddogTests/Pods-IddogTests-frameworks.sh\"\n";
			showEnvVarsInLog = 0;
		};
		99AE22B81DCCAEAED36C508C /* [CP] Embed Pods Frameworks */ = {
			isa = PBXShellScriptBuildPhase;
			buildActionMask = 2147483647;
			files = (
			);
			inputFileListPaths = (
			);
			inputPaths = (
				"${PODS_ROOT}/Target Support Files/Pods-Iddog/Pods-Iddog-frameworks.sh",
				"${BUILT_PRODUCTS_DIR}/Alamofire/Alamofire.framework",
				"${BUILT_PRODUCTS_DIR}/Cache/Cache.framework",
				"${BUILT_PRODUCTS_DIR}/Imaginary/Imaginary.framework",
				"${BUILT_PRODUCTS_DIR}/Lightbox/Lightbox.framework",
				"${BUILT_PRODUCTS_DIR}/RNLoadingButton-Swift/RNLoadingButton_Swift.framework",
				"${BUILT_PRODUCTS_DIR}/SDWebImage/SDWebImage.framework",
			);
			name = "[CP] Embed Pods Frameworks";
			outputFileListPaths = (
			);
			outputPaths = (
				"${TARGET_BUILD_DIR}/${FRAMEWORKS_FOLDER_PATH}/Alamofire.framework",
				"${TARGET_BUILD_DIR}/${FRAMEWORKS_FOLDER_PATH}/Cache.framework",
				"${TARGET_BUILD_DIR}/${FRAMEWORKS_FOLDER_PATH}/Imaginary.framework",
				"${TARGET_BUILD_DIR}/${FRAMEWORKS_FOLDER_PATH}/Lightbox.framework",
				"${TARGET_BUILD_DIR}/${FRAMEWORKS_FOLDER_PATH}/RNLoadingButton_Swift.framework",
				"${TARGET_BUILD_DIR}/${FRAMEWORKS_FOLDER_PATH}/SDWebImage.framework",
			);
			runOnlyForDeploymentPostprocessing = 0;
			shellPath = /bin/sh;
			shellScript = "\"${PODS_ROOT}/Target Support Files/Pods-Iddog/Pods-Iddog-frameworks.sh\"\n";
			showEnvVarsInLog = 0;
		};
		B0DAB9F14370E5478518F233 /* [CP] Check Pods Manifest.lock */ = {
			isa = PBXShellScriptBuildPhase;
			buildActionMask = 2147483647;
			files = (
			);
			inputFileListPaths = (
			);
			inputPaths = (
				"${PODS_PODFILE_DIR_PATH}/Podfile.lock",
				"${PODS_ROOT}/Manifest.lock",
			);
			name = "[CP] Check Pods Manifest.lock";
			outputFileListPaths = (
			);
			outputPaths = (
				"$(DERIVED_FILE_DIR)/Pods-Iddog-checkManifestLockResult.txt",
			);
			runOnlyForDeploymentPostprocessing = 0;
			shellPath = /bin/sh;
			shellScript = "diff \"${PODS_PODFILE_DIR_PATH}/Podfile.lock\" \"${PODS_ROOT}/Manifest.lock\" > /dev/null\nif [ $? != 0 ] ; then\n    # print error to STDERR\n    echo \"error: The sandbox is not in sync with the Podfile.lock. Run 'pod install' or update your CocoaPods installation.\" >&2\n    exit 1\nfi\n# This output is used by Xcode 'outputs' to avoid re-running this script phase.\necho \"SUCCESS\" > \"${SCRIPT_OUTPUT_FILE_0}\"\n";
			showEnvVarsInLog = 0;
		};
/* End PBXShellScriptBuildPhase section */

/* Begin PBXSourcesBuildPhase section */
		AF4F5D31233E3EEC00EFD91F /* Sources */ = {
			isa = PBXSourcesBuildPhase;
			buildActionMask = 2147483647;
			files = (
				AFF40DB12342362C00D138BB /* ListDogRoute.swift in Sources */,
				AFF40DA9233E960200D138BB /* RouterManager.swift in Sources */,
				AFF40DE12344E22100D138BB /* DogCell.swift in Sources */,
				AFF40DC02342A9F300D138BB /* ItemProtocol.swift in Sources */,
				AF4F5D39233E3EEC00EFD91F /* AppDelegate.swift in Sources */,
				AF4F5D3B233E3EEC00EFD91F /* SceneDelegate.swift in Sources */,
				AFF40DBE2342A9CF00D138BB /* ItemPresenter.swift in Sources */,
				AFF40DDD2344E05200D138BB /* CollectionCell.swift in Sources */,
				AF4F5D6E233E71C800EFD91F /* LoginPresenter.swift in Sources */,
				AF4F5D6A233E717600EFD91F /* LoginProtocol.swift in Sources */,
				AFF40DCB2342BE4300D138BB /* ItemCell.swift in Sources */,
				AF4F5D70233E72C300EFD91F /* LoginInteractor.swift in Sources */,
				AFF40DAD233EB44300D138BB /* LoginUserModel.swift in Sources */,
				AF4F5D5C233E531F00EFD91F /* Helper.swift in Sources */,
				AFF40DB523423ADA00D138BB /* ListDogProtocol.swift in Sources */,
				AFF40DAF2342338600D138BB /* ListDogController.swift in Sources */,
				AFF40DD92344C75000D138BB /* UserInteractor.swift in Sources */,
				AFF40DD42343848F00D138BB /* MenuBar.swift in Sources */,
				AFF40DC62342AF1A00D138BB /* ItemsModel.swift in Sources */,
				AF4F5D63233E6FFF00EFD91F /* LoginController.swift in Sources */,
				AFF40DDB2344C80200D138BB /* UserManager.swift in Sources */,
				AF4F5D6C233E719B00EFD91F /* LoginRoute.swift in Sources */,
				AF4F5D72233E780100EFD91F /* StoryboardInstanciate.swift in Sources */,
				AFF40DB323423ABF00D138BB /* ListDogPresenter.swift in Sources */,
				AFF40DC42342AD2100D138BB /* ItemInteractor.swift in Sources */,
				AFF40DAB233E9F5600D138BB /* UserModel.swift in Sources */,
				AFF40DC22342AB7900D138BB /* ItemRoute.swift in Sources */,
				AFF40DDF2344E08B00D138BB /* MenuCell.swift in Sources */,
				AFF40DD62344C41600D138BB /* ItemPresenterBuilder.swift in Sources */,
			);
			runOnlyForDeploymentPostprocessing = 0;
		};
		AF4F5D47233E3EEE00EFD91F /* Sources */ = {
			isa = PBXSourcesBuildPhase;
			buildActionMask = 2147483647;
			files = (
				AF4F5D50233E3EEE00EFD91F /* IddogTests.swift in Sources */,
				AFF40DF0234505C300D138BB /* LoginTest.swift in Sources */,
			);
			runOnlyForDeploymentPostprocessing = 0;
		};
/* End PBXSourcesBuildPhase section */

/* Begin PBXTargetDependency section */
		AF4F5D4D233E3EEE00EFD91F /* PBXTargetDependency */ = {
			isa = PBXTargetDependency;
			target = AF4F5D34233E3EEC00EFD91F /* Iddog */;
			targetProxy = AF4F5D4C233E3EEE00EFD91F /* PBXContainerItemProxy */;
		};
/* End PBXTargetDependency section */

/* Begin PBXVariantGroup section */
		AF4F5D43233E3EED00EFD91F /* LaunchScreen.storyboard */ = {
			isa = PBXVariantGroup;
			children = (
				AF4F5D44233E3EED00EFD91F /* Base */,
			);
			name = LaunchScreen.storyboard;
			sourceTree = "<group>";
		};
/* End PBXVariantGroup section */

/* Begin XCBuildConfiguration section */
		AF4F5D52233E3EEE00EFD91F /* Debug */ = {
			isa = XCBuildConfiguration;
			buildSettings = {
				ALWAYS_SEARCH_USER_PATHS = NO;
				CLANG_ANALYZER_NONNULL = YES;
				CLANG_ANALYZER_NUMBER_OBJECT_CONVERSION = YES_AGGRESSIVE;
				CLANG_CXX_LANGUAGE_STANDARD = "gnu++14";
				CLANG_CXX_LIBRARY = "libc++";
				CLANG_ENABLE_MODULES = YES;
				CLANG_ENABLE_OBJC_ARC = YES;
				CLANG_ENABLE_OBJC_WEAK = YES;
				CLANG_WARN_BLOCK_CAPTURE_AUTORELEASING = YES;
				CLANG_WARN_BOOL_CONVERSION = YES;
				CLANG_WARN_COMMA = YES;
				CLANG_WARN_CONSTANT_CONVERSION = YES;
				CLANG_WARN_DEPRECATED_OBJC_IMPLEMENTATIONS = YES;
				CLANG_WARN_DIRECT_OBJC_ISA_USAGE = YES_ERROR;
				CLANG_WARN_DOCUMENTATION_COMMENTS = YES;
				CLANG_WARN_EMPTY_BODY = YES;
				CLANG_WARN_ENUM_CONVERSION = YES;
				CLANG_WARN_INFINITE_RECURSION = YES;
				CLANG_WARN_INT_CONVERSION = YES;
				CLANG_WARN_NON_LITERAL_NULL_CONVERSION = YES;
				CLANG_WARN_OBJC_IMPLICIT_RETAIN_SELF = YES;
				CLANG_WARN_OBJC_LITERAL_CONVERSION = YES;
				CLANG_WARN_OBJC_ROOT_CLASS = YES_ERROR;
				CLANG_WARN_RANGE_LOOP_ANALYSIS = YES;
				CLANG_WARN_STRICT_PROTOTYPES = YES;
				CLANG_WARN_SUSPICIOUS_MOVE = YES;
				CLANG_WARN_UNGUARDED_AVAILABILITY = YES_AGGRESSIVE;
				CLANG_WARN_UNREACHABLE_CODE = YES;
				CLANG_WARN__DUPLICATE_METHOD_MATCH = YES;
				COPY_PHASE_STRIP = NO;
				DEBUG_INFORMATION_FORMAT = dwarf;
				ENABLE_STRICT_OBJC_MSGSEND = YES;
				ENABLE_TESTABILITY = YES;
				GCC_C_LANGUAGE_STANDARD = gnu11;
				GCC_DYNAMIC_NO_PIC = NO;
				GCC_NO_COMMON_BLOCKS = YES;
				GCC_OPTIMIZATION_LEVEL = 0;
				GCC_PREPROCESSOR_DEFINITIONS = (
					"DEBUG=1",
					"$(inherited)",
				);
				GCC_WARN_64_TO_32_BIT_CONVERSION = YES;
				GCC_WARN_ABOUT_RETURN_TYPE = YES_ERROR;
				GCC_WARN_UNDECLARED_SELECTOR = YES;
				GCC_WARN_UNINITIALIZED_AUTOS = YES_AGGRESSIVE;
				GCC_WARN_UNUSED_FUNCTION = YES;
				GCC_WARN_UNUSED_VARIABLE = YES;
				IPHONEOS_DEPLOYMENT_TARGET = 13.0;
				MTL_ENABLE_DEBUG_INFO = INCLUDE_SOURCE;
				MTL_FAST_MATH = YES;
				ONLY_ACTIVE_ARCH = YES;
				SDKROOT = iphoneos;
				SWIFT_ACTIVE_COMPILATION_CONDITIONS = DEBUG;
				SWIFT_OPTIMIZATION_LEVEL = "-Onone";
			};
			name = Debug;
		};
		AF4F5D53233E3EEE00EFD91F /* Release */ = {
			isa = XCBuildConfiguration;
			buildSettings = {
				ALWAYS_SEARCH_USER_PATHS = NO;
				CLANG_ANALYZER_NONNULL = YES;
				CLANG_ANALYZER_NUMBER_OBJECT_CONVERSION = YES_AGGRESSIVE;
				CLANG_CXX_LANGUAGE_STANDARD = "gnu++14";
				CLANG_CXX_LIBRARY = "libc++";
				CLANG_ENABLE_MODULES = YES;
				CLANG_ENABLE_OBJC_ARC = YES;
				CLANG_ENABLE_OBJC_WEAK = YES;
				CLANG_WARN_BLOCK_CAPTURE_AUTORELEASING = YES;
				CLANG_WARN_BOOL_CONVERSION = YES;
				CLANG_WARN_COMMA = YES;
				CLANG_WARN_CONSTANT_CONVERSION = YES;
				CLANG_WARN_DEPRECATED_OBJC_IMPLEMENTATIONS = YES;
				CLANG_WARN_DIRECT_OBJC_ISA_USAGE = YES_ERROR;
				CLANG_WARN_DOCUMENTATION_COMMENTS = YES;
				CLANG_WARN_EMPTY_BODY = YES;
				CLANG_WARN_ENUM_CONVERSION = YES;
				CLANG_WARN_INFINITE_RECURSION = YES;
				CLANG_WARN_INT_CONVERSION = YES;
				CLANG_WARN_NON_LITERAL_NULL_CONVERSION = YES;
				CLANG_WARN_OBJC_IMPLICIT_RETAIN_SELF = YES;
				CLANG_WARN_OBJC_LITERAL_CONVERSION = YES;
				CLANG_WARN_OBJC_ROOT_CLASS = YES_ERROR;
				CLANG_WARN_RANGE_LOOP_ANALYSIS = YES;
				CLANG_WARN_STRICT_PROTOTYPES = YES;
				CLANG_WARN_SUSPICIOUS_MOVE = YES;
				CLANG_WARN_UNGUARDED_AVAILABILITY = YES_AGGRESSIVE;
				CLANG_WARN_UNREACHABLE_CODE = YES;
				CLANG_WARN__DUPLICATE_METHOD_MATCH = YES;
				COPY_PHASE_STRIP = NO;
				DEBUG_INFORMATION_FORMAT = "dwarf-with-dsym";
				ENABLE_NS_ASSERTIONS = NO;
				ENABLE_STRICT_OBJC_MSGSEND = YES;
				GCC_C_LANGUAGE_STANDARD = gnu11;
				GCC_NO_COMMON_BLOCKS = YES;
				GCC_WARN_64_TO_32_BIT_CONVERSION = YES;
				GCC_WARN_ABOUT_RETURN_TYPE = YES_ERROR;
				GCC_WARN_UNDECLARED_SELECTOR = YES;
				GCC_WARN_UNINITIALIZED_AUTOS = YES_AGGRESSIVE;
				GCC_WARN_UNUSED_FUNCTION = YES;
				GCC_WARN_UNUSED_VARIABLE = YES;
				IPHONEOS_DEPLOYMENT_TARGET = 13.0;
				MTL_ENABLE_DEBUG_INFO = NO;
				MTL_FAST_MATH = YES;
				SDKROOT = iphoneos;
				SWIFT_COMPILATION_MODE = wholemodule;
				SWIFT_OPTIMIZATION_LEVEL = "-O";
				VALIDATE_PRODUCT = YES;
			};
			name = Release;
		};
		AF4F5D55233E3EEE00EFD91F /* Debug */ = {
			isa = XCBuildConfiguration;
			baseConfigurationReference = 796A19BADED7CD697E786763 /* Pods-Iddog.debug.xcconfig */;
			buildSettings = {
				ASSETCATALOG_COMPILER_APPICON_NAME = AppIcon;
				CODE_SIGN_STYLE = Automatic;
				DEVELOPMENT_TEAM = 29MQPP6L4J;
				INFOPLIST_FILE = Iddog/Info.plist;
				IPHONEOS_DEPLOYMENT_TARGET = 9.3;
				LD_RUNPATH_SEARCH_PATHS = (
					"$(inherited)",
					"@executable_path/Frameworks",
				);
				PRODUCT_BUNDLE_IDENTIFIER = br.com.thgdigital.Iddog;
				PRODUCT_NAME = "$(TARGET_NAME)";
				SWIFT_VERSION = 5.0;
				TARGETED_DEVICE_FAMILY = "1,2";
			};
			name = Debug;
		};
		AF4F5D56233E3EEE00EFD91F /* Release */ = {
			isa = XCBuildConfiguration;
			baseConfigurationReference = 78B06F10BCC0920A97B42586 /* Pods-Iddog.release.xcconfig */;
			buildSettings = {
				ASSETCATALOG_COMPILER_APPICON_NAME = AppIcon;
				CODE_SIGN_STYLE = Automatic;
				DEVELOPMENT_TEAM = 29MQPP6L4J;
				INFOPLIST_FILE = Iddog/Info.plist;
				IPHONEOS_DEPLOYMENT_TARGET = 9.3;
				LD_RUNPATH_SEARCH_PATHS = (
					"$(inherited)",
					"@executable_path/Frameworks",
				);
				PRODUCT_BUNDLE_IDENTIFIER = br.com.thgdigital.Iddog;
				PRODUCT_NAME = "$(TARGET_NAME)";
				SWIFT_VERSION = 5.0;
				TARGETED_DEVICE_FAMILY = "1,2";
			};
			name = Release;
		};
		AF4F5D58233E3EEE00EFD91F /* Debug */ = {
			isa = XCBuildConfiguration;
			baseConfigurationReference = 1DA9EDF812176C6E1B4816BC /* Pods-IddogTests.debug.xcconfig */;
			buildSettings = {
				ALWAYS_EMBED_SWIFT_STANDARD_LIBRARIES = YES;
				BUNDLE_LOADER = "$(TEST_HOST)";
				CODE_SIGN_STYLE = Automatic;
				DEVELOPMENT_TEAM = 29MQPP6L4J;
				INFOPLIST_FILE = IddogTests/Info.plist;
				IPHONEOS_DEPLOYMENT_TARGET = 13.0;
				LD_RUNPATH_SEARCH_PATHS = (
					"$(inherited)",
					"@executable_path/Frameworks",
					"@loader_path/Frameworks",
				);
				PRODUCT_BUNDLE_IDENTIFIER = br.com.thgdigital.IddogTests;
				PRODUCT_NAME = "$(TARGET_NAME)";
				SWIFT_VERSION = 5.0;
				TARGETED_DEVICE_FAMILY = "1,2";
				TEST_HOST = "$(BUILT_PRODUCTS_DIR)/Iddog.app/Iddog";
			};
			name = Debug;
		};
		AF4F5D59233E3EEE00EFD91F /* Release */ = {
			isa = XCBuildConfiguration;
			baseConfigurationReference = 49D2F52037C1A9BC8A911432 /* Pods-IddogTests.release.xcconfig */;
			buildSettings = {
				ALWAYS_EMBED_SWIFT_STANDARD_LIBRARIES = YES;
				BUNDLE_LOADER = "$(TEST_HOST)";
				CODE_SIGN_STYLE = Automatic;
				DEVELOPMENT_TEAM = 29MQPP6L4J;
				INFOPLIST_FILE = IddogTests/Info.plist;
				IPHONEOS_DEPLOYMENT_TARGET = 13.0;
				LD_RUNPATH_SEARCH_PATHS = (
					"$(inherited)",
					"@executable_path/Frameworks",
					"@loader_path/Frameworks",
				);
				PRODUCT_BUNDLE_IDENTIFIER = br.com.thgdigital.IddogTests;
				PRODUCT_NAME = "$(TARGET_NAME)";
				SWIFT_VERSION = 5.0;
				TARGETED_DEVICE_FAMILY = "1,2";
				TEST_HOST = "$(BUILT_PRODUCTS_DIR)/Iddog.app/Iddog";
			};
			name = Release;
		};
/* End XCBuildConfiguration section */

/* Begin XCConfigurationList section */
		AF4F5D30233E3EEC00EFD91F /* Build configuration list for PBXProject "Iddog" */ = {
			isa = XCConfigurationList;
			buildConfigurations = (
				AF4F5D52233E3EEE00EFD91F /* Debug */,
				AF4F5D53233E3EEE00EFD91F /* Release */,
			);
			defaultConfigurationIsVisible = 0;
			defaultConfigurationName = Release;
		};
		AF4F5D54233E3EEE00EFD91F /* Build configuration list for PBXNativeTarget "Iddog" */ = {
			isa = XCConfigurationList;
			buildConfigurations = (
				AF4F5D55233E3EEE00EFD91F /* Debug */,
				AF4F5D56233E3EEE00EFD91F /* Release */,
			);
			defaultConfigurationIsVisible = 0;
			defaultConfigurationName = Release;
		};
		AF4F5D57233E3EEE00EFD91F /* Build configuration list for PBXNativeTarget "IddogTests" */ = {
			isa = XCConfigurationList;
			buildConfigurations = (
				AF4F5D58233E3EEE00EFD91F /* Debug */,
				AF4F5D59233E3EEE00EFD91F /* Release */,
			);
			defaultConfigurationIsVisible = 0;
			defaultConfigurationName = Release;
		};
/* End XCConfigurationList section */
	};
	rootObject = AF4F5D2D233E3EEC00EFD91F /* Project object */;
}
